
Microsoft Visual Studio Solution File, Format Version 12.00
# Visual Studio Version 16
VisualStudioVersion = 16.0.29806.167
MinimumVisualStudioVersion = 10.0.40219.1
Project("{FAE04EC0-301F-11D3-BF4B-00C04F79EFBC}") = "Card table", "Card table\Card table.csproj", "{C4B3D407-ED2A-4F7C-8550-DDF82E924E92}"
EndProject
Global
	GlobalSection(SolutionConfigurationPlatforms) = preSolution
		Debug|Any CPU = Debug|Any CPU
		Release|Any CPU = Release|Any CPU
	EndGlobalSection
	GlobalSection(ProjectConfigurationPlatforms) = postSolution
		{C4B3D407-ED2A-4F7C-8550-DDF82E924E92}.Debug|Any CPU.ActiveCfg = Debug|Any CPU
		{C4B3D407-ED2A-4F7C-8550-DDF82E924E92}.Debug|Any CPU.Build.0 = Debug|Any CPU
		{C4B3D407-ED2A-4F7C-8550-DDF82E924E92}.Release|Any CPU.ActiveCfg = Release|Any CPU
		{C4B3D407-ED2A-4F7C-8550-DDF82E924E92}.Release|Any CPU.Build.0 = Release|Any CPU
	EndGlobalSection
	GlobalSection(SolutionProperties) = preSolution
		HideSolutionNode = FALSE
	EndGlobalSection
	GlobalSection(ExtensibilityGlobals) = postSolution
		SolutionGuid = {7B9AA308-9AB9-4DD3-A82F-D33A9FF78869}
	EndGlobalSection
EndGlobal
